
Microsoft Visual Studio Solution File, Format Version 12.00
# Visual Studio Version 17
VisualStudioVersion = 17.0.31903.59
MinimumVisualStudioVersion = 10.0.40219.1
Project("{FAE04EC0-301F-11D3-BF4B-00C04F79EFBC}") = "StockQuote", "StockQuote\StockQuote.csproj", "{7A1E0533-57B4-47B0-A671-681A79E83209}"
EndProject
Global
	GlobalSection(SolutionConfigurationPlatforms) = preSolution
		Debug|Any CPU = Debug|Any CPU
		Release|Any CPU = Release|Any CPU
	EndGlobalSection
	GlobalSection(SolutionProperties) = preSolution
		HideSolutionNode = FALSE
	EndGlobalSection
	GlobalSection(ProjectConfigurationPlatforms) = postSolution
		{7A1E0533-57B4-47B0-A671-681A79E83209}.Debug|Any CPU.ActiveCfg = Debug|Any CPU
		{7A1E0533-57B4-47B0-A671-681A79E83209}.Debug|Any CPU.Build.0 = Debug|Any CPU
		{7A1E0533-57B4-47B0-A671-681A79E83209}.Release|Any CPU.ActiveCfg = Release|Any CPU
		{7A1E0533-57B4-47B0-A671-681A79E83209}.Release|Any CPU.Build.0 = Release|Any CPU
	EndGlobalSection
EndGlobal
